{
  "name": "sql-to-nosql",
  "version": "0.0.4",
  "lockfileVersion": 2,
  "requires": true,
  "packages": {
    "": {
      "name": "sql-to-nosql",
      "version": "0.0.4",
      "license": "MIT",
      "dependencies": {
        "sql-to-nosql": "^0.0.3"
      },
      "devDependencies": {
        "prettier": "3.0.3",
        "typescript": "^5.2.2"
      }
    },
    "node_modules/prettier": {
      "version": "3.0.3",
      "resolved": "https://registry.npmjs.org/prettier/-/prettier-3.0.3.tgz",
      "integrity": "sha512-L/4pUDMxcNa8R/EthV08Zt42WBO4h1rarVtK0K+QJG0X187OLo7l699jWw0GKuwzkPQ//jMFA/8Xm6Fh3J/DAg==",
      "dev": true,
      "bin": {
        "prettier": "bin/prettier.cjs"
      },
      "engines": {
        "node": ">=14"
      },
      "funding": {
        "url": "https://github.com/prettier/prettier?sponsor=1"
      }
    },
    "node_modules/sql-to-nosql": {
      "version": "0.0.3",
      "resolved": "https://registry.npmjs.org/sql-to-nosql/-/sql-to-nosql-0.0.3.tgz",
      "integrity": "sha512-nW+ctKO2qZhe8cEbIolpkoyxrqbvcjNV8sVwFomFvrRqGh2gQbE33qAgYv/1n/VNeEScLm9ADFnYkHius93Msg==",
      "dependencies": {
        "sql-to-nosql": "^0.0.2"
      }
    },
    "node_modules/sql-to-nosql/node_modules/sql-to-nosql": {
      "version": "0.0.2",
      "resolved": "https://registry.npmjs.org/sql-to-nosql/-/sql-to-nosql-0.0.2.tgz",
      "integrity": "sha512-cAILfjq7PzG731p2Ksih4g0xTRjYWFcbdxBH4pdXMon6/Pb5uH0EUuEYotygjniZnYKla2lrhS/kthtWEpPTXQ==",
      "dependencies": {
        "sql-to-nosql": "^0.0.1"
      }
    },
    "node_modules/sql-to-nosql/node_modules/sql-to-nosql/node_modules/sql-to-nosql": {
      "version": "0.0.1",
      "resolved": "https://registry.npmjs.org/sql-to-nosql/-/sql-to-nosql-0.0.1.tgz",
      "integrity": "sha512-7MvRXAZxlj0ERAMprFbvsSdGBqU4QU8YXWSqZ6P8d3MHwTU+FLPsaOegWuP/ypcDKaltYAInVagutS6oyOeRXA=="
    },
    "node_modules/typescript": {
      "version": "5.2.2",
      "resolved": "https://registry.npmjs.org/typescript/-/typescript-5.2.2.tgz",
      "integrity": "sha512-mI4WrpHsbCIcwT9cF4FZvr80QUeKvsUsUvKDoR+X/7XHQH98xYD8YHZg7ANtz2GtZt/CBq2QJ0thkGJMHfqc1w==",
      "dev": true,
      "bin": {
        "tsc": "bin/tsc",
        "tsserver": "bin/tsserver"
      },
      "engines": {
        "node": ">=14.17"
      }
    }
  },
  "dependencies": {
    "prettier": {
      "version": "3.0.3",
      "resolved": "https://registry.npmjs.org/prettier/-/prettier-3.0.3.tgz",
      "integrity": "sha512-L/4pUDMxcNa8R/EthV08Zt42WBO4h1rarVtK0K+QJG0X187OLo7l699jWw0GKuwzkPQ//jMFA/8Xm6Fh3J/DAg==",
      "dev": true
    },
    "sql-to-nosql": {
      "version": "0.0.3",
      "resolved": "https://registry.npmjs.org/sql-to-nosql/-/sql-to-nosql-0.0.3.tgz",
      "integrity": "sha512-nW+ctKO2qZhe8cEbIolpkoyxrqbvcjNV8sVwFomFvrRqGh2gQbE33qAgYv/1n/VNeEScLm9ADFnYkHius93Msg==",
      "requires": {
        "sql-to-nosql": "^0.0.2"
      },
      "dependencies": {
        "sql-to-nosql": {
          "version": "0.0.2",
          "resolved": "https://registry.npmjs.org/sql-to-nosql/-/sql-to-nosql-0.0.2.tgz",
          "integrity": "sha512-cAILfjq7PzG731p2Ksih4g0xTRjYWFcbdxBH4pdXMon6/Pb5uH0EUuEYotygjniZnYKla2lrhS/kthtWEpPTXQ==",
          "requires": {
            "sql-to-nosql": "^0.0.1"
          },
          "dependencies": {
            "sql-to-nosql": {
              "version": "0.0.1",
              "resolved": "https://registry.npmjs.org/sql-to-nosql/-/sql-to-nosql-0.0.1.tgz",
              "integrity": "sha512-7MvRXAZxlj0ERAMprFbvsSdGBqU4QU8YXWSqZ6P8d3MHwTU+FLPsaOegWuP/ypcDKaltYAInVagutS6oyOeRXA=="
            }
          }
        }
      }
    },
    "typescript": {
      "version": "5.2.2",
      "resolved": "https://registry.npmjs.org/typescript/-/typescript-5.2.2.tgz",
      "integrity": "sha512-mI4WrpHsbCIcwT9cF4FZvr80QUeKvsUsUvKDoR+X/7XHQH98xYD8YHZg7ANtz2GtZt/CBq2QJ0thkGJMHfqc1w==",
      "dev": true
    }
  }
}
