{
  "name": "sql-to-nosql",
  "version": "0.0.1",
  "lockfileVersion": 2,
  "requires": true,
  "packages": {
    "": {
      "name": "sql-to-nosql",
      "version": "0.0.1",
      "license": "MIT",
      "dependencies": {
        "sql-to-nosql": "^0.0.1"
      }
    },
    "node_modules/sql-to-nosql": {
      "version": "0.0.1",
      "resolved": "https://registry.npmjs.org/sql-to-nosql/-/sql-to-nosql-0.0.1.tgz",
      "integrity": "sha512-7MvRXAZxlj0ERAMprFbvsSdGBqU4QU8YXWSqZ6P8d3MHwTU+FLPsaOegWuP/ypcDKaltYAInVagutS6oyOeRXA=="
    }
  },
  "dependencies": {
    "sql-to-nosql": {
      "version": "0.0.1",
      "resolved": "https://registry.npmjs.org/sql-to-nosql/-/sql-to-nosql-0.0.1.tgz",
      "integrity": "sha512-7MvRXAZxlj0ERAMprFbvsSdGBqU4QU8YXWSqZ6P8d3MHwTU+FLPsaOegWuP/ypcDKaltYAInVagutS6oyOeRXA=="
    }
  }
}
